
Microsoft Visual Studio Solution File, Format Version 12.00
# Visual Studio Version 17
VisualStudioVersion = 17.14.36310.24 d17.14
MinimumVisualStudioVersion = 10.0.40219.1
Project("{FAE04EC0-301F-11D3-BF4B-00C04F79EFBC}") = "MockExample", "MockExample\MockExample.csproj", "{614107C8-67C4-43AB-B12E-C74A30F5B236}"
EndProject
Global
	GlobalSection(SolutionConfigurationPlatforms) = preSolution
		Debug|Any CPU = Debug|Any CPU
		Release|Any CPU = Release|Any CPU
	EndGlobalSection
	GlobalSection(ProjectConfigurationPlatforms) = postSolution
		{614107C8-67C4-43AB-B12E-C74A30F5B236}.Debug|Any CPU.ActiveCfg = Debug|Any CPU
		{614107C8-67C4-43AB-B12E-C74A30F5B236}.Debug|Any CPU.Build.0 = Debug|Any CPU
		{614107C8-67C4-43AB-B12E-C74A30F5B236}.Release|Any CPU.ActiveCfg = Release|Any CPU
		{614107C8-67C4-43AB-B12E-C74A30F5B236}.Release|Any CPU.Build.0 = Release|Any CPU
	EndGlobalSection
	GlobalSection(SolutionProperties) = preSolution
		HideSolutionNode = FALSE
	EndGlobalSection
	GlobalSection(ExtensibilityGlobals) = postSolution
		SolutionGuid = {3B26C61B-7E5B-4E7B-8D51-DE8CF278BA45}
	EndGlobalSection
EndGlobal
