
Microsoft Visual Studio Solution File, Format Version 12.00
# Visual Studio Version 17
VisualStudioVersion = 17.14.36310.24
MinimumVisualStudioVersion = 10.0.40219.1
Project("{FAE04EC0-301F-11D3-BF4B-00C04F79EFBC}") = "BankProjectCore", "BankProjectCore\BankProjectCore.csproj", "{DE3C41EB-6B80-4B58-AE7B-FD64AA583BEA}"
EndProject
Project("{FAE04EC0-301F-11D3-BF4B-00C04F79EFBC}") = "LmsProject", "..\..\Aug_14\LmsProject\LmsProject.csproj", "{E5D169B1-5253-4557-AFE8-6434298028F9}"
EndProject
Global
	GlobalSection(SolutionConfigurationPlatforms) = preSolution
		Debug|Any CPU = Debug|Any CPU
		Release|Any CPU = Release|Any CPU
	EndGlobalSection
	GlobalSection(ProjectConfigurationPlatforms) = postSolution
		{DE3C41EB-6B80-4B58-AE7B-FD64AA583BEA}.Debug|Any CPU.ActiveCfg = Debug|Any CPU
		{DE3C41EB-6B80-4B58-AE7B-FD64AA583BEA}.Debug|Any CPU.Build.0 = Debug|Any CPU
		{DE3C41EB-6B80-4B58-AE7B-FD64AA583BEA}.Release|Any CPU.ActiveCfg = Release|Any CPU
		{DE3C41EB-6B80-4B58-AE7B-FD64AA583BEA}.Release|Any CPU.Build.0 = Release|Any CPU
		{E5D169B1-5253-4557-AFE8-6434298028F9}.Debug|Any CPU.ActiveCfg = Debug|Any CPU
		{E5D169B1-5253-4557-AFE8-6434298028F9}.Debug|Any CPU.Build.0 = Debug|Any CPU
		{E5D169B1-5253-4557-AFE8-6434298028F9}.Release|Any CPU.ActiveCfg = Release|Any CPU
		{E5D169B1-5253-4557-AFE8-6434298028F9}.Release|Any CPU.Build.0 = Release|Any CPU
	EndGlobalSection
	GlobalSection(SolutionProperties) = preSolution
		HideSolutionNode = FALSE
	EndGlobalSection
	GlobalSection(ExtensibilityGlobals) = postSolution
		SolutionGuid = {1FDBAC49-E253-4B03-B0BD-8CAC67E1B17A}
	EndGlobalSection
EndGlobal
